
Microsoft Visual Studio Solution File, Format Version 12.00
# Visual Studio 15
VisualStudioVersion = 15.0.28307.271
MinimumVisualStudioVersion = 10.0.40219.1
Project("{FAE04EC0-301F-11D3-BF4B-00C04F79EFBC}") = "WpfAppWithObject", "WpfAppWithObject\WpfAppWithObject.csproj", "{D6813B7E-3B22-4A94-85AE-723259EDE28D}"
EndProject
Global
	GlobalSection(SolutionConfigurationPlatforms) = preSolution
		Debug|Any CPU = Debug|Any CPU
		Release|Any CPU = Release|Any CPU
	EndGlobalSection
	GlobalSection(ProjectConfigurationPlatforms) = postSolution
		{D6813B7E-3B22-4A94-85AE-723259EDE28D}.Debug|Any CPU.ActiveCfg = Debug|Any CPU
		{D6813B7E-3B22-4A94-85AE-723259EDE28D}.Debug|Any CPU.Build.0 = Debug|Any CPU
		{D6813B7E-3B22-4A94-85AE-723259EDE28D}.Release|Any CPU.ActiveCfg = Release|Any CPU
		{D6813B7E-3B22-4A94-85AE-723259EDE28D}.Release|Any CPU.Build.0 = Release|Any CPU
	EndGlobalSection
	GlobalSection(SolutionProperties) = preSolution
		HideSolutionNode = FALSE
	EndGlobalSection
	GlobalSection(ExtensibilityGlobals) = postSolution
		SolutionGuid = {61F4A917-596E-4A42-A955-4D7C69CDC0D3}
	EndGlobalSection
EndGlobal
