
Microsoft Visual Studio Solution File, Format Version 12.00
# Visual Studio 15
VisualStudioVersion = 15.0.28307.329
MinimumVisualStudioVersion = 10.0.40219.1
Project("{FAE04EC0-301F-11D3-BF4B-00C04F79EFBC}") = "ClassLibraryCharactersAndWeapons", "ClassLibraryCharactersAndWeapons\ClassLibraryCharactersAndWeapons.csproj", "{5577FA28-BEA9-46E7-BAA6-8244B7085E82}"
EndProject
Project("{FAE04EC0-301F-11D3-BF4B-00C04F79EFBC}") = "UnitTestProjectDITest", "UnitTestProjectDITest\UnitTestProjectDITest.csproj", "{5C1E21EE-E50F-4F90-85E9-B9B74E33E748}"
EndProject
Global
	GlobalSection(SolutionConfigurationPlatforms) = preSolution
		Debug|Any CPU = Debug|Any CPU
		Release|Any CPU = Release|Any CPU
	EndGlobalSection
	GlobalSection(ProjectConfigurationPlatforms) = postSolution
		{5577FA28-BEA9-46E7-BAA6-8244B7085E82}.Debug|Any CPU.ActiveCfg = Debug|Any CPU
		{5577FA28-BEA9-46E7-BAA6-8244B7085E82}.Debug|Any CPU.Build.0 = Debug|Any CPU
		{5577FA28-BEA9-46E7-BAA6-8244B7085E82}.Release|Any CPU.ActiveCfg = Release|Any CPU
		{5577FA28-BEA9-46E7-BAA6-8244B7085E82}.Release|Any CPU.Build.0 = Release|Any CPU
		{5C1E21EE-E50F-4F90-85E9-B9B74E33E748}.Debug|Any CPU.ActiveCfg = Debug|Any CPU
		{5C1E21EE-E50F-4F90-85E9-B9B74E33E748}.Debug|Any CPU.Build.0 = Debug|Any CPU
		{5C1E21EE-E50F-4F90-85E9-B9B74E33E748}.Release|Any CPU.ActiveCfg = Release|Any CPU
		{5C1E21EE-E50F-4F90-85E9-B9B74E33E748}.Release|Any CPU.Build.0 = Release|Any CPU
	EndGlobalSection
	GlobalSection(SolutionProperties) = preSolution
		HideSolutionNode = FALSE
	EndGlobalSection
	GlobalSection(ExtensibilityGlobals) = postSolution
		SolutionGuid = {38E09064-F4D9-454E-9B9E-1BB2500F44F2}
	EndGlobalSection
EndGlobal
