
Microsoft Visual Studio Solution File, Format Version 12.00
# Visual Studio 15
VisualStudioVersion = 15.0.28307.329
MinimumVisualStudioVersion = 10.0.40219.1
Project("{FAE04EC0-301F-11D3-BF4B-00C04F79EFBC}") = "FinalPart3MVC", "FinalPart3MVC\FinalPart3MVC.csproj", "{9737CCA2-A5D3-4844-996F-128625D3A8DB}"
EndProject
Global
	GlobalSection(SolutionConfigurationPlatforms) = preSolution
		Debug|Any CPU = Debug|Any CPU
		Release|Any CPU = Release|Any CPU
	EndGlobalSection
	GlobalSection(ProjectConfigurationPlatforms) = postSolution
		{9737CCA2-A5D3-4844-996F-128625D3A8DB}.Debug|Any CPU.ActiveCfg = Debug|Any CPU
		{9737CCA2-A5D3-4844-996F-128625D3A8DB}.Debug|Any CPU.Build.0 = Debug|Any CPU
		{9737CCA2-A5D3-4844-996F-128625D3A8DB}.Release|Any CPU.ActiveCfg = Release|Any CPU
		{9737CCA2-A5D3-4844-996F-128625D3A8DB}.Release|Any CPU.Build.0 = Release|Any CPU
	EndGlobalSection
	GlobalSection(SolutionProperties) = preSolution
		HideSolutionNode = FALSE
	EndGlobalSection
	GlobalSection(ExtensibilityGlobals) = postSolution
		SolutionGuid = {1722C57C-9289-4DEF-A589-C1D02D1AECCC}
	EndGlobalSection
EndGlobal
