
Microsoft Visual Studio Solution File, Format Version 12.00
# Visual Studio 15
VisualStudioVersion = 15.0.28307.271
MinimumVisualStudioVersion = 10.0.40219.1
Project("{FAE04EC0-301F-11D3-BF4B-00C04F79EFBC}") = "DogInClassSprint1", "DogInClassSprint1\DogInClassSprint1.csproj", "{6B39AB22-821B-4373-A8EF-C13B49B8556B}"
EndProject
Project("{FAE04EC0-301F-11D3-BF4B-00C04F79EFBC}") = "UnitTestDogInClass", "UnitTestDogInClass\UnitTestDogInClass.csproj", "{9ADCB3F9-4C45-48E4-AD39-C81786575308}"
EndProject
Project("{FAE04EC0-301F-11D3-BF4B-00C04F79EFBC}") = "ClassLibraryDog", "ClassLibraryDog\ClassLibraryDog.csproj", "{3E4DF5D3-914E-43F7-9D3C-7E43BC19A191}"
EndProject
Global
	GlobalSection(SolutionConfigurationPlatforms) = preSolution
		Debug|Any CPU = Debug|Any CPU
		Release|Any CPU = Release|Any CPU
	EndGlobalSection
	GlobalSection(ProjectConfigurationPlatforms) = postSolution
		{6B39AB22-821B-4373-A8EF-C13B49B8556B}.Debug|Any CPU.ActiveCfg = Debug|Any CPU
		{6B39AB22-821B-4373-A8EF-C13B49B8556B}.Debug|Any CPU.Build.0 = Debug|Any CPU
		{6B39AB22-821B-4373-A8EF-C13B49B8556B}.Release|Any CPU.ActiveCfg = Release|Any CPU
		{6B39AB22-821B-4373-A8EF-C13B49B8556B}.Release|Any CPU.Build.0 = Release|Any CPU
		{9ADCB3F9-4C45-48E4-AD39-C81786575308}.Debug|Any CPU.ActiveCfg = Debug|Any CPU
		{9ADCB3F9-4C45-48E4-AD39-C81786575308}.Debug|Any CPU.Build.0 = Debug|Any CPU
		{9ADCB3F9-4C45-48E4-AD39-C81786575308}.Release|Any CPU.ActiveCfg = Release|Any CPU
		{9ADCB3F9-4C45-48E4-AD39-C81786575308}.Release|Any CPU.Build.0 = Release|Any CPU
		{3E4DF5D3-914E-43F7-9D3C-7E43BC19A191}.Debug|Any CPU.ActiveCfg = Debug|Any CPU
		{3E4DF5D3-914E-43F7-9D3C-7E43BC19A191}.Debug|Any CPU.Build.0 = Debug|Any CPU
		{3E4DF5D3-914E-43F7-9D3C-7E43BC19A191}.Release|Any CPU.ActiveCfg = Release|Any CPU
		{3E4DF5D3-914E-43F7-9D3C-7E43BC19A191}.Release|Any CPU.Build.0 = Release|Any CPU
	EndGlobalSection
	GlobalSection(SolutionProperties) = preSolution
		HideSolutionNode = FALSE
	EndGlobalSection
	GlobalSection(ExtensibilityGlobals) = postSolution
		SolutionGuid = {FA849263-2068-4783-A342-3AB54BC40A22}
	EndGlobalSection
EndGlobal
